
Microsoft Visual Studio Solution File, Format Version 12.00
# Visual Studio Version 16
VisualStudioVersion = 16.0.29215.179
MinimumVisualStudioVersion = 10.0.40219.1
Project("{FAE04EC0-301F-11D3-BF4B-00C04F79EFBC}") = "Module5", "Module5.csproj", "{61E53735-2053-4056-A9F8-EC4FCCAF8D8D}"
EndProject
Global
	GlobalSection(SolutionConfigurationPlatforms) = preSolution
		Debug|Any CPU = Debug|Any CPU
		Release|Any CPU = Release|Any CPU
	EndGlobalSection
	GlobalSection(ProjectConfigurationPlatforms) = postSolution
		{61E53735-2053-4056-A9F8-EC4FCCAF8D8D}.Debug|Any CPU.ActiveCfg = Debug|Any CPU
		{61E53735-2053-4056-A9F8-EC4FCCAF8D8D}.Debug|Any CPU.Build.0 = Debug|Any CPU
		{61E53735-2053-4056-A9F8-EC4FCCAF8D8D}.Release|Any CPU.ActiveCfg = Release|Any CPU
		{61E53735-2053-4056-A9F8-EC4FCCAF8D8D}.Release|Any CPU.Build.0 = Release|Any CPU
	EndGlobalSection
	GlobalSection(SolutionProperties) = preSolution
		HideSolutionNode = FALSE
	EndGlobalSection
	GlobalSection(ExtensibilityGlobals) = postSolution
		SolutionGuid = {AEA1823C-F423-42B9-8813-A33E16C7FF68}
	EndGlobalSection
EndGlobal
